
Microsoft Visual Studio Solution File, Format Version 12.00
# Visual Studio Version 17
VisualStudioVersion = 17.14.36017.23
MinimumVisualStudioVersion = 10.0.40219.1
Project("{FAE04EC0-301F-11D3-BF4B-00C04F79EFBC}") = "BootCampProject1", "BootCampProject1\BootCampProject1.csproj", "{71423701-0782-4F11-9BDB-0E7908FB2E6E}"
EndProject
Project("{FAE04EC0-301F-11D3-BF4B-00C04F79EFBC}") = "BootCampProject.Core", "BootCampProject.Core\BootCampProject.Core.csproj", "{012B27D3-AAD7-498D-8734-E98CB18E5C74}"
EndProject
Project("{FAE04EC0-301F-11D3-BF4B-00C04F79EFBC}") = "BootCampProject.Entities", "BootCampProject.Entities\BootCampProject.Entities.csproj", "{6291FB72-A4FA-42FE-8266-724BE7F40C1C}"
EndProject
Project("{FAE04EC0-301F-11D3-BF4B-00C04F79EFBC}") = "BootCampProject.Repositories", "BootCampProject.Repositories\BootCampProject.Repositories.csproj", "{7798E086-713F-441F-8EAC-5CFE6FC11276}"
EndProject
Project("{FAE04EC0-301F-11D3-BF4B-00C04F79EFBC}") = "BootCampProject.Business", "BootCampProject.Business\BootCampProject.Business.csproj", "{023A1358-5306-4E9F-9410-C41ED844867F}"
EndProject
Global
	GlobalSection(SolutionConfigurationPlatforms) = preSolution
		Debug|Any CPU = Debug|Any CPU
		Release|Any CPU = Release|Any CPU
	EndGlobalSection
	GlobalSection(ProjectConfigurationPlatforms) = postSolution
		{71423701-0782-4F11-9BDB-0E7908FB2E6E}.Debug|Any CPU.ActiveCfg = Debug|Any CPU
		{71423701-0782-4F11-9BDB-0E7908FB2E6E}.Debug|Any CPU.Build.0 = Debug|Any CPU
		{71423701-0782-4F11-9BDB-0E7908FB2E6E}.Release|Any CPU.ActiveCfg = Release|Any CPU
		{71423701-0782-4F11-9BDB-0E7908FB2E6E}.Release|Any CPU.Build.0 = Release|Any CPU
		{012B27D3-AAD7-498D-8734-E98CB18E5C74}.Debug|Any CPU.ActiveCfg = Debug|Any CPU
		{012B27D3-AAD7-498D-8734-E98CB18E5C74}.Debug|Any CPU.Build.0 = Debug|Any CPU
		{012B27D3-AAD7-498D-8734-E98CB18E5C74}.Release|Any CPU.ActiveCfg = Release|Any CPU
		{012B27D3-AAD7-498D-8734-E98CB18E5C74}.Release|Any CPU.Build.0 = Release|Any CPU
		{6291FB72-A4FA-42FE-8266-724BE7F40C1C}.Debug|Any CPU.ActiveCfg = Debug|Any CPU
		{6291FB72-A4FA-42FE-8266-724BE7F40C1C}.Debug|Any CPU.Build.0 = Debug|Any CPU
		{6291FB72-A4FA-42FE-8266-724BE7F40C1C}.Release|Any CPU.ActiveCfg = Release|Any CPU
		{6291FB72-A4FA-42FE-8266-724BE7F40C1C}.Release|Any CPU.Build.0 = Release|Any CPU
		{7798E086-713F-441F-8EAC-5CFE6FC11276}.Debug|Any CPU.ActiveCfg = Debug|Any CPU
		{7798E086-713F-441F-8EAC-5CFE6FC11276}.Debug|Any CPU.Build.0 = Debug|Any CPU
		{7798E086-713F-441F-8EAC-5CFE6FC11276}.Release|Any CPU.ActiveCfg = Release|Any CPU
		{7798E086-713F-441F-8EAC-5CFE6FC11276}.Release|Any CPU.Build.0 = Release|Any CPU
		{023A1358-5306-4E9F-9410-C41ED844867F}.Debug|Any CPU.ActiveCfg = Debug|Any CPU
		{023A1358-5306-4E9F-9410-C41ED844867F}.Debug|Any CPU.Build.0 = Debug|Any CPU
		{023A1358-5306-4E9F-9410-C41ED844867F}.Release|Any CPU.ActiveCfg = Release|Any CPU
		{023A1358-5306-4E9F-9410-C41ED844867F}.Release|Any CPU.Build.0 = Release|Any CPU
	EndGlobalSection
	GlobalSection(SolutionProperties) = preSolution
		HideSolutionNode = FALSE
	EndGlobalSection
	GlobalSection(ExtensibilityGlobals) = postSolution
		SolutionGuid = {CACF9273-FBB0-4A92-872C-357394680251}
	EndGlobalSection
EndGlobal
